
Microsoft Visual Studio Solution File, Format Version 12.00
# Visual Studio 14
VisualStudioVersion = 14.0.25420.1
MinimumVisualStudioVersion = 10.0.40219.1
Project("{FAE04EC0-301F-11D3-BF4B-00C04F79EFBC}") = "TicTacToe.UnitTests", "TicTacToe.UnitTests\TicTacToe.UnitTests.csproj", "{CBD056CD-74C3-482C-A612-41DD56DD083F}"
EndProject
Project("{FAE04EC0-301F-11D3-BF4B-00C04F79EFBC}") = "TicTacToe.Services", "TicTacToe.Services\TicTacToe.Services.csproj", "{F90F45CD-361C-4731-84EC-6B7615BC078A}"
EndProject
Project("{FAE04EC0-301F-11D3-BF4B-00C04F79EFBC}") = "TicTacToeUI", "TicTacToeUI\TicTacToeUI.csproj", "{F2F9A464-86D3-499C-B512-8E4EF302A2BD}"
EndProject
Global
	GlobalSection(SolutionConfigurationPlatforms) = preSolution
		Debug|Any CPU = Debug|Any CPU
		Release|Any CPU = Release|Any CPU
	EndGlobalSection
	GlobalSection(ProjectConfigurationPlatforms) = postSolution
		{CBD056CD-74C3-482C-A612-41DD56DD083F}.Debug|Any CPU.ActiveCfg = Debug|Any CPU
		{CBD056CD-74C3-482C-A612-41DD56DD083F}.Debug|Any CPU.Build.0 = Debug|Any CPU
		{CBD056CD-74C3-482C-A612-41DD56DD083F}.Release|Any CPU.ActiveCfg = Release|Any CPU
		{CBD056CD-74C3-482C-A612-41DD56DD083F}.Release|Any CPU.Build.0 = Release|Any CPU
		{F90F45CD-361C-4731-84EC-6B7615BC078A}.Debug|Any CPU.ActiveCfg = Debug|Any CPU
		{F90F45CD-361C-4731-84EC-6B7615BC078A}.Debug|Any CPU.Build.0 = Debug|Any CPU
		{F90F45CD-361C-4731-84EC-6B7615BC078A}.Release|Any CPU.ActiveCfg = Release|Any CPU
		{F90F45CD-361C-4731-84EC-6B7615BC078A}.Release|Any CPU.Build.0 = Release|Any CPU
		{F2F9A464-86D3-499C-B512-8E4EF302A2BD}.Debug|Any CPU.ActiveCfg = Debug|Any CPU
		{F2F9A464-86D3-499C-B512-8E4EF302A2BD}.Debug|Any CPU.Build.0 = Debug|Any CPU
		{F2F9A464-86D3-499C-B512-8E4EF302A2BD}.Release|Any CPU.ActiveCfg = Release|Any CPU
		{F2F9A464-86D3-499C-B512-8E4EF302A2BD}.Release|Any CPU.Build.0 = Release|Any CPU
	EndGlobalSection
	GlobalSection(SolutionProperties) = preSolution
		HideSolutionNode = FALSE
	EndGlobalSection
EndGlobal
